// !$*UTF8*$!
{
	archiveVersion = 1;
	classes = {
	};
	objectVersion = 46;
	objects = {

/* Begin PBXBuildFile section */
		27FF43D31C80970400115D21 /* AppDelegate.swift in Sources */ = {isa = PBXBuildFile; fileRef = 27FF43D21C80970400115D21 /* AppDelegate.swift */; };
		27FF43D51C80970400115D21 /* ViewController.swift in Sources */ = {isa = PBXBuildFile; fileRef = 27FF43D41C80970400115D21 /* ViewController.swift */; };
		27FF43D81C80970400115D21 /* Main.storyboard in Resources */ = {isa = PBXBuildFile; fileRef = 27FF43D61C80970400115D21 /* Main.storyboard */; };
		27FF43DA1C80970400115D21 /* Assets.xcassets in Resources */ = {isa = PBXBuildFile; fileRef = 27FF43D91C80970400115D21 /* Assets.xcassets */; };
		27FF43DD1C80970400115D21 /* LaunchScreen.storyboard in Resources */ = {isa = PBXBuildFile; fileRef = 27FF43DB1C80970400115D21 /* LaunchScreen.storyboard */; };
		27FF43E51C80A03300115D21 /* Minecraft.ttf in Resources */ = {isa = PBXBuildFile; fileRef = 27FF43E41C80A03300115D21 /* Minecraft.ttf */; };
		27FF43E71C80A39E00115D21 /* btn.wav in Resources */ = {isa = PBXBuildFile; fileRef = 27FF43E61C80A39E00115D21 /* btn.wav */; };
/* End PBXBuildFile section */

/* Begin PBXFileReference section */
		27FF43CF1C80970400115D21 /* retro-calculator.app */ = {isa = PBXFileReference; explicitFileType = wrapper.application; includeInIndex = 0; path = "retro-calculator.app"; sourceTree = BUILT_PRODUCTS_DIR; };
		27FF43D21C80970400115D21 /* AppDelegate.swift */ = {isa = PBXFileReference; lastKnownFileType = sourcecode.swift; path = AppDelegate.swift; sourceTree = "<group>"; };
		27FF43D41C80970400115D21 /* ViewController.swift */ = {isa = PBXFileReference; lastKnownFileType = sourcecode.swift; path = ViewController.swift; sourceTree = "<group>"; };
		27FF43D71C80970400115D21 /* Base */ = {isa = PBXFileReference; lastKnownFileType = file.storyboard; name = Base; path = Base.lproj/Main.storyboard; sourceTree = "<group>"; };
		27FF43D91C80970400115D21 /* Assets.xcassets */ = {isa = PBXFileReference; lastKnownFileType = folder.assetcatalog; path = Assets.xcassets; sourceTree = "<group>"; };
		27FF43DC1C80970400115D21 /* Base */ = {isa = PBXFileReference; lastKnownFileType = file.storyboard; name = Base; path = Base.lproj/LaunchScreen.storyboard; sourceTree = "<group>"; };
		27FF43DE1C80970400115D21 /* Info.plist */ = {isa = PBXFileReference; lastKnownFileType = text.plist.xml; path = Info.plist; sourceTree = "<group>"; };
		27FF43E41C80A03300115D21 /* Minecraft.ttf */ = {isa = PBXFileReference; lastKnownFileType = file; path = Minecraft.ttf; sourceTree = "<group>"; };
		27FF43E61C80A39E00115D21 /* btn.wav */ = {isa = PBXFileReference; lastKnownFileType = audio.wav; path = btn.wav; sourceTree = "<group>"; };
/* End PBXFileReference section */

/* Begin PBXFrameworksBuildPhase section */
		27FF43CC1C80970400115D21 /* Frameworks */ = {
			isa = PBXFrameworksBuildPhase;
			buildActionMask = 2147483647;
			files = (
			);
			runOnlyForDeploymentPostprocessing = 0;
		};
/* End PBXFrameworksBuildPhase section */

/* Begin PBXGroup section */
		27FF43C61C80970400115D21 = {
			isa = PBXGroup;
			children = (
				27FF43D11C80970400115D21 /* retro-calculator */,
				27FF43D01C80970400115D21 /* Products */,
			);
			sourceTree = "<group>";
		};
		27FF43D01C80970400115D21 /* Products */ = {
			isa = PBXGroup;
			children = (
				27FF43CF1C80970400115D21 /* retro-calculator.app */,
			);
			name = Products;
			sourceTree = "<group>";
		};
		27FF43D11C80970400115D21 /* retro-calculator */ = {
			isa = PBXGroup;
			children = (
				27FF43E41C80A03300115D21 /* Minecraft.ttf */,
				27FF43E61C80A39E00115D21 /* btn.wav */,
				27FF43D21C80970400115D21 /* AppDelegate.swift */,
				27FF43D41C80970400115D21 /* ViewController.swift */,
				27FF43D61C80970400115D21 /* Main.storyboard */,
				27FF43D91C80970400115D21 /* Assets.xcassets */,
				27FF43DB1C80970400115D21 /* LaunchScreen.storyboard */,
				27FF43DE1C80970400115D21 /* Info.plist */,
			);
			path = "retro-calculator";
			sourceTree = "<group>";
		};
/* End PBXGroup section */

/* Begin PBXNativeTarget section */
		27FF43CE1C80970400115D21 /* retro-calculator */ = {
			isa = PBXNativeTarget;
			buildConfigurationList = 27FF43E11C80970400115D21 /* Build configuration list for PBXNativeTarget "retro-calculator" */;
			buildPhases = (
				27FF43CB1C80970400115D21 /* Sources */,
				27FF43CC1C80970400115D21 /* Frameworks */,
				27FF43CD1C80970400115D21 /* Resources */,
			);
			buildRules = (
			);
			dependencies = (
			);
			name = "retro-calculator";
			productName = "retro-calculator";
			productReference = 27FF43CF1C80970400115D21 /* retro-calculator.app */;
			productType = "com.apple.product-type.application";
		};
/* End PBXNativeTarget section */

/* Begin PBXProject section */
		27FF43C71C80970400115D21 /* Project object */ = {
			isa = PBXProject;
			attributes = {
				LastSwiftUpdateCheck = 0720;
				LastUpgradeCheck = 0720;
				ORGANIZATIONNAME = Otto;
				TargetAttributes = {
					27FF43CE1C80970400115D21 = {
						CreatedOnToolsVersion = 7.2.1;
						DevelopmentTeam = UF4JKDCULU;
					};
				};
			};
			buildConfigurationList = 27FF43CA1C80970400115D21 /* Build configuration list for PBXProject "retro-calculator" */;
			compatibilityVersion = "Xcode 3.2";
			developmentRegion = English;
			hasScannedForEncodings = 0;
			knownRegions = (
				en,
				Base,
			);
			mainGroup = 27FF43C61C80970400115D21;
			productRefGroup = 27FF43D01C80970400115D21 /* Products */;
			projectDirPath = "";
			projectRoot = "";
			targets = (
				27FF43CE1C80970400115D21 /* retro-calculator */,
			);
		};
/* End PBXProject section */

/* Begin PBXResourcesBuildPhase section */
		27FF43CD1C80970400115D21 /* Resources */ = {
			isa = PBXResourcesBuildPhase;
			buildActionMask = 2147483647;
			files = (
				27FF43E71C80A39E00115D21 /* btn.wav in Resources */,
				27FF43DD1C80970400115D21 /* LaunchScreen.storyboard in Resources */,
				27FF43DA1C80970400115D21 /* Assets.xcassets in Resources */,
				27FF43E51C80A03300115D21 /* Minecraft.ttf in Resources */,
				27FF43D81C80970400115D21 /* Main.storyboard in Resources */,
			);
			runOnlyForDeploymentPostprocessing = 0;
		};
/* End PBXResourcesBuildPhase section */

/* Begin PBXSourcesBuildPhase section */
		27FF43CB1C80970400115D21 /* Sources */ = {
			isa = PBXSourcesBuildPhase;
			buildActionMask = 2147483647;
			files = (
				27FF43D51C80970400115D21 /* ViewController.swift in Sources */,
				27FF43D31C80970400115D21 /* AppDelegate.swift in Sources */,
			);
			runOnlyForDeploymentPostprocessing = 0;
		};
/* End PBXSourcesBuildPhase section */

/* Begin PBXVariantGroup section */
		27FF43D61C80970400115D21 /* Main.storyboard */ = {
			isa = PBXVariantGroup;
			children = (
				27FF43D71C80970400115D21 /* Base */,
			);
			name = Main.storyboard;
			sourceTree = "<group>";
		};
		27FF43DB1C80970400115D21 /* LaunchScreen.storyboard */ = {
			isa = PBXVariantGroup;
			children = (
				27FF43DC1C80970400115D21 /* Base */,
			);
			name = LaunchScreen.storyboard;
			sourceTree = "<group>";
		};
/* End PBXVariantGroup section */

/* Begin XCBuildConfiguration section */
		27FF43DF1C80970400115D21 /* Debug */ = {
			isa = XCBuildConfiguration;
			buildSettings = {
				ALWAYS_SEARCH_USER_PATHS = NO;
				CLANG_CXX_LANGUAGE_STANDARD = "gnu++0x";
				CLANG_CXX_LIBRARY = "libc++";
				CLANG_ENABLE_MODULES = YES;
				CLANG_ENABLE_OBJC_ARC = YES;
				CLANG_WARN_BOOL_CONVERSION = YES;
				CLANG_WARN_CONSTANT_CONVERSION = YES;
				CLANG_WARN_DIRECT_OBJC_ISA_USAGE = YES_ERROR;
				CLANG_WARN_EMPTY_BODY = YES;
				CLANG_WARN_ENUM_CONVERSION = YES;
				CLANG_WARN_INT_CONVERSION = YES;
				CLANG_WARN_OBJC_ROOT_CLASS = YES_ERROR;
				CLANG_WARN_UNREACHABLE_CODE = YES;
				CLANG_WARN__DUPLICATE_METHOD_MATCH = YES;
				"CODE_SIGN_IDENTITY[sdk=iphoneos*]" = "iPhone Developer";
				COPY_PHASE_STRIP = NO;
				DEBUG_INFORMATION_FORMAT = dwarf;
				ENABLE_STRICT_OBJC_MSGSEND = YES;
				ENABLE_TESTABILITY = YES;
				GCC_C_LANGUAGE_STANDARD = gnu99;
				GCC_DYNAMIC_NO_PIC = NO;
				GCC_NO_COMMON_BLOCKS = YES;
				GCC_OPTIMIZATION_LEVEL = 0;
				GCC_PREPROCESSOR_DEFINITIONS = (
					"DEBUG=1",
					"$(inherited)",
				);
				GCC_WARN_64_TO_32_BIT_CONVERSION = YES;
				GCC_WARN_ABOUT_RETURN_TYPE = YES_ERROR;
				GCC_WARN_UNDECLARED_SELECTOR = YES;
				GCC_WARN_UNINITIALIZED_AUTOS = YES_AGGRESSIVE;
				GCC_WARN_UNUSED_FUNCTION = YES;
				GCC_WARN_UNUSED_VARIABLE = YES;
				IPHONEOS_DEPLOYMENT_TARGET = 9.2;
				MTL_ENABLE_DEBUG_INFO = YES;
				ONLY_ACTIVE_ARCH = YES;
				SDKROOT = iphoneos;
				SWIFT_OPTIMIZATION_LEVEL = "-Onone";
			};
			name = Debug;
		};
		27FF43E01C80970400115D21 /* Release */ = {
			isa = XCBuildConfiguration;
			buildSettings = {
				ALWAYS_SEARCH_USER_PATHS = NO;
				CLANG_CXX_LANGUAGE_STANDARD = "gnu++0x";
				CLANG_CXX_LIBRARY = "libc++";
				CLANG_ENABLE_MODULES = YES;
				CLANG_ENABLE_OBJC_ARC = YES;
				CLANG_WARN_BOOL_CONVERSION = YES;
				CLANG_WARN_CONSTANT_CONVERSION = YES;
				CLANG_WARN_DIRECT_OBJC_ISA_USAGE = YES_ERROR;
				CLANG_WARN_EMPTY_BODY = YES;
				CLANG_WARN_ENUM_CONVERSION = YES;
				CLANG_WARN_INT_CONVERSION = YES;
				CLANG_WARN_OBJC_ROOT_CLASS = YES_ERROR;
				CLANG_WARN_UNREACHABLE_CODE = YES;
				CLANG_WARN__DUPLICATE_METHOD_MATCH = YES;
				"CODE_SIGN_IDENTITY[sdk=iphoneos*]" = "iPhone Developer";
				COPY_PHASE_STRIP = NO;
				DEBUG_INFORMATION_FORMAT = "dwarf-with-dsym";
				ENABLE_NS_ASSERTIONS = NO;
				ENABLE_STRICT_OBJC_MSGSEND = YES;
				GCC_C_LANGUAGE_STANDARD = gnu99;
				GCC_NO_COMMON_BLOCKS = YES;
				GCC_WARN_64_TO_32_BIT_CONVERSION = YES;
				GCC_WARN_ABOUT_RETURN_TYPE = YES_ERROR;
				GCC_WARN_UNDECLARED_SELECTOR = YES;
				GCC_WARN_UNINITIALIZED_AUTOS = YES_AGGRESSIVE;
				GCC_WARN_UNUSED_FUNCTION = YES;
				GCC_WARN_UNUSED_VARIABLE = YES;
				IPHONEOS_DEPLOYMENT_TARGET = 9.2;
				MTL_ENABLE_DEBUG_INFO = NO;
				SDKROOT = iphoneos;
				VALIDATE_PRODUCT = YES;
			};
			name = Release;
		};
		27FF43E21C80970400115D21 /* Debug */ = {
			isa = XCBuildConfiguration;
			buildSettings = {
				ASSETCATALOG_COMPILER_APPICON_NAME = AppIcon;
				INFOPLIST_FILE = "retro-calculator/Info.plist";
				LD_RUNPATH_SEARCH_PATHS = "$(inherited) @executable_path/Frameworks";
				PRODUCT_BUNDLE_IDENTIFIER = "com.coder.otto.retro-calculator";
				PRODUCT_NAME = "$(TARGET_NAME)";
			};
			name = Debug;
		};
		27FF43E31C80970400115D21 /* Release */ = {
			isa = XCBuildConfiguration;
			buildSettings = {
				ASSETCATALOG_COMPILER_APPICON_NAME = AppIcon;
				INFOPLIST_FILE = "retro-calculator/Info.plist";
				LD_RUNPATH_SEARCH_PATHS = "$(inherited) @executable_path/Frameworks";
				PRODUCT_BUNDLE_IDENTIFIER = "com.coder.otto.retro-calculator";
				PRODUCT_NAME = "$(TARGET_NAME)";
			};
			name = Release;
		};
/* End XCBuildConfiguration section */

/* Begin XCConfigurationList section */
		27FF43CA1C80970400115D21 /* Build configuration list for PBXProject "retro-calculator" */ = {
			isa = XCConfigurationList;
			buildConfigurations = (
				27FF43DF1C80970400115D21 /* Debug */,
				27FF43E01C80970400115D21 /* Release */,
			);
			defaultConfigurationIsVisible = 0;
			defaultConfigurationName = Release;
		};
		27FF43E11C80970400115D21 /* Build configuration list for PBXNativeTarget "retro-calculator" */ = {
			isa = XCConfigurationList;
			buildConfigurations = (
				27FF43E21C80970400115D21 /* Debug */,
				27FF43E31C80970400115D21 /* Release */,
			);
			defaultConfigurationIsVisible = 0;
		};
/* End XCConfigurationList section */
	};
	rootObject = 27FF43C71C80970400115D21 /* Project object */;
}
